
Microsoft Visual Studio Solution File, Format Version 12.00
# Visual Studio Version 17
VisualStudioVersion = 17.8.34330.188
MinimumVisualStudioVersion = 10.0.40219.1
Project("{FAE04EC0-301F-11D3-BF4B-00C04F79EFBC}") = "BoardingHouse", "BoardingHouse\BoardingHouse.csproj", "{FEA72C4A-8282-45A1-804F-4E89FD3B00D4}"
EndProject
Global
	GlobalSection(SolutionConfigurationPlatforms) = preSolution
		Debug|Any CPU = Debug|Any CPU
		Release|Any CPU = Release|Any CPU
	EndGlobalSection
	GlobalSection(ProjectConfigurationPlatforms) = postSolution
		{FEA72C4A-8282-45A1-804F-4E89FD3B00D4}.Debug|Any CPU.ActiveCfg = Debug|Any CPU
		{FEA72C4A-8282-45A1-804F-4E89FD3B00D4}.Debug|Any CPU.Build.0 = Debug|Any CPU
		{FEA72C4A-8282-45A1-804F-4E89FD3B00D4}.Release|Any CPU.ActiveCfg = Release|Any CPU
		{FEA72C4A-8282-45A1-804F-4E89FD3B00D4}.Release|Any CPU.Build.0 = Release|Any CPU
	EndGlobalSection
	GlobalSection(SolutionProperties) = preSolution
		HideSolutionNode = FALSE
	EndGlobalSection
	GlobalSection(ExtensibilityGlobals) = postSolution
		SolutionGuid = {12AB9C9B-CEE6-4543-ACF2-A7AD0ABAEE5C}
	EndGlobalSection
EndGlobal
